// !$*UTF8*$!
{
	archiveVersion = 1;
	classes = {
	};
	objectVersion = 56;
	objects = {

/* Begin PBXBuildFile section */
		0596E62D27F59F1563D9C4BE /* ChatSessionRowView.swift in Sources */ = {isa = PBXBuildFile; fileRef = AF3AF62FA84FB343E21EEF5E /* ChatSessionRowView.swift */; };
		1C854AB14DC9C6C24F982C31 /* Constants.swift in Sources */ = {isa = PBXBuildFile; fileRef = FFEFF2C68D007E792103FAD7 /* Constants.swift */; };
		21D25F51234B312AEFF29230 /* MarkdownFormatter.swift in Sources */ = {isa = PBXBuildFile; fileRef = 02E576EB055A5DBF28276573 /* MarkdownFormatter.swift */; };
		293EB3626E45EEAA2103DB9E /* ChatMessage.swift in Sources */ = {isa = PBXBuildFile; fileRef = 241635D5F3D81293395E73C6 /* ChatMessage.swift */; };
		3204AACBAB3996448CB19403 /* ChatSession.swift in Sources */ = {isa = PBXBuildFile; fileRef = 0C22E77B9537B5F6632192EA /* ChatSession.swift */; };
		33335235EA3CBF49B46B6C12 /* ChatViewModel.swift in Sources */ = {isa = PBXBuildFile; fileRef = F39A285687D60134D12792DD /* ChatViewModel.swift */; };
		44D5B7C5A80F424F8003FC94 /* LibraryAsset.swift in Sources */ = {isa = PBXBuildFile; fileRef = 9B12A30CC8284048ACA06AE8 /* LibraryAsset.swift */; };
		4663BEE6B77B92F679508CD5 /* AttachmentPickerView.swift in Sources */ = {isa = PBXBuildFile; fileRef = C9A0CA12CFC9D1FE02C0623B /* AttachmentPickerView.swift */; };
		47A73C0E3004E3DF0015BB22 /* StoreKit.framework in Frameworks */ = {isa = PBXBuildFile; fileRef = 47A73C0D3004E3DF0015BB22 /* StoreKit.framework */; };
		53A963FECC94C564C3449CA0 /* ContentView.swift in Sources */ = {isa = PBXBuildFile; fileRef = F4F00169E2533939F1ECEECF /* ContentView.swift */; };
		5B4BA75F96B4C8907469A1C5 /* ProfileMenuView.swift in Sources */ = {isa = PBXBuildFile; fileRef = 60943EA02994D47F9360BF91 /* ProfileMenuView.swift */; };
		6500000000000000000000F2 /* GoogleService-Info.plist in Resources */ = {isa = PBXBuildFile; fileRef = 6500000000000000000000F1 /* GoogleService-Info.plist */; };
		6AF466B19CB00E2C7AE2FDC8 /* AnimationConstants.swift in Sources */ = {isa = PBXBuildFile; fileRef = 23C006BAD585E969540E5CD9 /* AnimationConstants.swift */; };
		6F590F084D5A4124A737448E /* ImagePreviewView.swift in Sources */ = {isa = PBXBuildFile; fileRef = D288AFDEF8EF4EA8A9256BAE /* ImagePreviewView.swift */; };
		7527D8D3D397C89CB5E51C75 /* PersistenceService.swift in Sources */ = {isa = PBXBuildFile; fileRef = 9CF15599F41B3F1E76FA15CA /* PersistenceService.swift */; };
		77E59E11E9B74512B52940A3 /* AssetLibraryService.swift in Sources */ = {isa = PBXBuildFile; fileRef = 43C7369B036A4663A9FE670E /* AssetLibraryService.swift */; };
		7D2F5546E0D45F6C5557EDF5 /* User.swift in Sources */ = {isa = PBXBuildFile; fileRef = A2AE9057EF877B6739B6035A /* User.swift */; };
		87FFC640EFDBE9004A209363 /* MoomoIOSApp.swift in Sources */ = {isa = PBXBuildFile; fileRef = E49FC152C57398CDC6D32D62 /* MoomoIOSApp.swift */; };
		8FFC347EE7CE8EB36FB8198A /* MessageBubbleView.swift in Sources */ = {isa = PBXBuildFile; fileRef = A004EF975E90F874CA27BAFC /* MessageBubbleView.swift */; };
		91AA0C45E07E456CAE48FD76 /* LibraryView.swift in Sources */ = {isa = PBXBuildFile; fileRef = 5390B550A7764A6895BEA15E /* LibraryView.swift */; };
		A1B1A1B1A1B1A1B1A1B1A1B1 /* AuthService.swift in Sources */ = {isa = PBXBuildFile; fileRef = A1A1A1A1A1A1A1A1A1A1A1A1 /* AuthService.swift */; };
		AA10000000000000000000A2 /* LuxuryComponents.swift in Sources */ = {isa = PBXBuildFile; fileRef = AA10000000000000000000A1 /* LuxuryComponents.swift */; };
		B4B3E46DCD36A8A0E29E2BE0 /* Language.swift in Sources */ = {isa = PBXBuildFile; fileRef = 2C57538A6EA18EA368E36F6F /* Language.swift */; };
		BBBB2222BBBB2222BBBB2222 /* MockAIService.swift in Sources */ = {isa = PBXBuildFile; fileRef = AAAA1111AAAA1111AAAA1111 /* MockAIService.swift */; };
		C1D1C1D1C1D1C1D1C1D1C1D1 /* GenerationService.swift in Sources */ = {isa = PBXBuildFile; fileRef = C1C1C1C1C1C1C1C1C1C1C1C1 /* GenerationService.swift */; };
		C8A6ACB6F3194762947809D7 /* FullScreenSidebarView.swift in Sources */ = {isa = PBXBuildFile; fileRef = E34CFC05D62B475A8156CCE3 /* FullScreenSidebarView.swift */; };
		CC341E1E1C285E411A0A2B6A /* Assets.xcassets in Resources */ = {isa = PBXBuildFile; fileRef = 2AE14267C76D1536EBC5FD7B /* Assets.xcassets */; };
		CDCC396EFED492B2AE2D7CA9 /* ChatView.swift in Sources */ = {isa = PBXBuildFile; fileRef = 8558DA7DBDE3867E63AE0F62 /* ChatView.swift */; };
		D6D83B6F4B8949F48024B2CF /* ImageCache.swift in Sources */ = {isa = PBXBuildFile; fileRef = 04E3565E65C742DFA988DFD7 /* ImageCache.swift */; };
		DB7DCA75A5145E663F1527A0 /* LanguageSelectionView.swift in Sources */ = {isa = PBXBuildFile; fileRef = 8E7D7CF6662129D1FDB60D2E /* LanguageSelectionView.swift */; };
		DD2C9DF0CE0346B98345A4E8 /* DocumentProcessor.swift in Sources */ = {isa = PBXBuildFile; fileRef = 13F4411D7571454CB7739E71 /* DocumentProcessor.swift */; };
		E1F1E1F1E1F1E1F1E1F1E1F1 /* GenerationResult.swift in Sources */ = {isa = PBXBuildFile; fileRef = E1E1E1E1E1E1E1E1E1E1E1E1 /* GenerationResult.swift */; };
		E569A4DB75F694FD8275DE56 /* WelcomeView.swift in Sources */ = {isa = PBXBuildFile; fileRef = B5AC5A81C3B6C5AE81CEF079 /* WelcomeView.swift */; };
		E5A4476E1DE947DCEE0A7673 /* Extensions.swift in Sources */ = {isa = PBXBuildFile; fileRef = 7890E14A126C9ED1FEADBE2C /* Extensions.swift */; };
		F7CD861B58275C7A845E61AC /* ExportService.swift in Sources */ = {isa = PBXBuildFile; fileRef = C7B1B2E47AFF26F3848E6909 /* ExportService.swift */; };
		FB0000000000000000000021 /* FirebaseCore in Frameworks */ = {isa = PBXBuildFile; productRef = FB0000000000000000000011 /* FirebaseCore */; };
		FB0000000000000000000022 /* FirebaseAuth in Frameworks */ = {isa = PBXBuildFile; productRef = FB0000000000000000000012 /* FirebaseAuth */; };
		FB0000000000000000000023 /* FirebaseFunctions in Frameworks */ = {isa = PBXBuildFile; productRef = FB0000000000000000000013 /* FirebaseFunctions */; };
		FB0000000000000000000024 /* GoogleSignIn in Frameworks */ = {isa = PBXBuildFile; productRef = FB0000000000000000000014 /* GoogleSignIn */; };
		FB0000000000000000000025 /* FirebaseFirestore in Frameworks */ = {isa = PBXBuildFile; productRef = FB0000000000000000000015 /* FirebaseFirestore */; };
		LV1234567890ABCDEF123456 /* LoginView.swift in Sources */ = {isa = PBXBuildFile; fileRef = LV1234567890ABCDEF123457 /* LoginView.swift */; };
		MS0000000000000000000002 /* MemoryService.swift in Sources */ = {isa = PBXBuildFile; fileRef = MS0000000000000000000001 /* MemoryService.swift */; };
		SV0000000000000000000002 /* SettingsView.swift in Sources */ = {isa = PBXBuildFile; fileRef = SV0000000000000000000001 /* SettingsView.swift */; };
		ST0000000000000000000002 /* StoreService.swift in Sources */ = {isa = PBXBuildFile; fileRef = ST0000000000000000000001 /* StoreService.swift */; };
		PW0000000000000000000002 /* PaywallView.swift in Sources */ = {isa = PBXBuildFile; fileRef = PW0000000000000000000001 /* PaywallView.swift */; };
		LD0000000000000000000002 /* LegalDocuments.swift in Sources */ = {isa = PBXBuildFile; fileRef = LD0000000000000000000001 /* LegalDocuments.swift */; };
		AC0000000000000000000002 /* AIDataSharingConsent.swift in Sources */ = {isa = PBXBuildFile; fileRef = AC0000000000000000000001 /* AIDataSharingConsent.swift */; };
		AV0000000000000000000002 /* AIDataConsentView.swift in Sources */ = {isa = PBXBuildFile; fileRef = AV0000000000000000000001 /* AIDataConsentView.swift */; };
		PI0000000000000000000002 /* PrivacyInfo.xcprivacy in Resources */ = {isa = PBXBuildFile; fileRef = PI0000000000000000000001 /* PrivacyInfo.xcprivacy */; };
/* End PBXBuildFile section */

/* Begin PBXFileReference section */
		02E576EB055A5DBF28276573 /* MarkdownFormatter.swift */ = {isa = PBXFileReference; lastKnownFileType = sourcecode.swift; path = MarkdownFormatter.swift; sourceTree = "<group>"; };
		04E3565E65C742DFA988DFD7 /* ImageCache.swift */ = {isa = PBXFileReference; lastKnownFileType = sourcecode.swift; path = ImageCache.swift; sourceTree = "<group>"; };
		0C22E77B9537B5F6632192EA /* ChatSession.swift */ = {isa = PBXFileReference; lastKnownFileType = sourcecode.swift; path = ChatSession.swift; sourceTree = "<group>"; };
		0EBB989791A3CED535D5FE57 /* Info.plist */ = {isa = PBXFileReference; lastKnownFileType = text.plist; path = Info.plist; sourceTree = "<group>"; };
		13F4411D7571454CB7739E71 /* DocumentProcessor.swift */ = {isa = PBXFileReference; lastKnownFileType = sourcecode.swift; path = DocumentProcessor.swift; sourceTree = "<group>"; };
		23C006BAD585E969540E5CD9 /* AnimationConstants.swift */ = {isa = PBXFileReference; lastKnownFileType = sourcecode.swift; path = AnimationConstants.swift; sourceTree = "<group>"; };
		241635D5F3D81293395E73C6 /* ChatMessage.swift */ = {isa = PBXFileReference; lastKnownFileType = sourcecode.swift; path = ChatMessage.swift; sourceTree = "<group>"; };
		2AE14267C76D1536EBC5FD7B /* Assets.xcassets */ = {isa = PBXFileReference; lastKnownFileType = folder.assetcatalog; path = Assets.xcassets; sourceTree = "<group>"; };
		2C57538A6EA18EA368E36F6F /* Language.swift */ = {isa = PBXFileReference; lastKnownFileType = sourcecode.swift; path = Language.swift; sourceTree = "<group>"; };
		43C7369B036A4663A9FE670E /* AssetLibraryService.swift */ = {isa = PBXFileReference; lastKnownFileType = sourcecode.swift; path = AssetLibraryService.swift; sourceTree = "<group>"; };
		47A73C0D3004E3DF0015BB22 /* StoreKit.framework */ = {isa = PBXFileReference; lastKnownFileType = wrapper.framework; name = StoreKit.framework; path = System/Library/Frameworks/StoreKit.framework; sourceTree = SDKROOT; };
		5390B550A7764A6895BEA15E /* LibraryView.swift */ = {isa = PBXFileReference; lastKnownFileType = sourcecode.swift; path = LibraryView.swift; sourceTree = "<group>"; };
		60943EA02994D47F9360BF91 /* ProfileMenuView.swift */ = {isa = PBXFileReference; lastKnownFileType = sourcecode.swift; path = ProfileMenuView.swift; sourceTree = "<group>"; };
		6500000000000000000000F1 /* GoogleService-Info.plist */ = {isa = PBXFileReference; lastKnownFileType = text.plist.xml; path = "GoogleService-Info.plist"; sourceTree = "<group>"; };
		77279EC7C35BA0458DDC5BFF /* MoomoIOS.app */ = {isa = PBXFileReference; explicitFileType = wrapper.application; includeInIndex = 0; path = MoomoIOS.app; sourceTree = BUILT_PRODUCTS_DIR; };
		7890E14A126C9ED1FEADBE2C /* Extensions.swift */ = {isa = PBXFileReference; lastKnownFileType = sourcecode.swift; path = Extensions.swift; sourceTree = "<group>"; };
		8558DA7DBDE3867E63AE0F62 /* ChatView.swift */ = {isa = PBXFileReference; lastKnownFileType = sourcecode.swift; path = ChatView.swift; sourceTree = "<group>"; };
		8E7D7CF6662129D1FDB60D2E /* LanguageSelectionView.swift */ = {isa = PBXFileReference; lastKnownFileType = sourcecode.swift; path = LanguageSelectionView.swift; sourceTree = "<group>"; };
		9B12A30CC8284048ACA06AE8 /* LibraryAsset.swift */ = {isa = PBXFileReference; lastKnownFileType = sourcecode.swift; path = LibraryAsset.swift; sourceTree = "<group>"; };
		9CF15599F41B3F1E76FA15CA /* PersistenceService.swift */ = {isa = PBXFileReference; lastKnownFileType = sourcecode.swift; path = PersistenceService.swift; sourceTree = "<group>"; };
		A004EF975E90F874CA27BAFC /* MessageBubbleView.swift */ = {isa = PBXFileReference; lastKnownFileType = sourcecode.swift; path = MessageBubbleView.swift; sourceTree = "<group>"; };
		A1A1A1A1A1A1A1A1A1A1A1A1 /* AuthService.swift */ = {isa = PBXFileReference; lastKnownFileType = sourcecode.swift; path = AuthService.swift; sourceTree = "<group>"; };
		A2AE9057EF877B6739B6035A /* User.swift */ = {isa = PBXFileReference; lastKnownFileType = sourcecode.swift; path = User.swift; sourceTree = "<group>"; };
		AA10000000000000000000A1 /* LuxuryComponents.swift */ = {isa = PBXFileReference; lastKnownFileType = sourcecode.swift; path = LuxuryComponents.swift; sourceTree = "<group>"; };
		AAAA1111AAAA1111AAAA1111 /* MockAIService.swift */ = {isa = PBXFileReference; lastKnownFileType = sourcecode.swift; path = MockAIService.swift; sourceTree = "<group>"; };
		AF3AF62FA84FB343E21EEF5E /* ChatSessionRowView.swift */ = {isa = PBXFileReference; lastKnownFileType = sourcecode.swift; path = ChatSessionRowView.swift; sourceTree = "<group>"; };
		B5AC5A81C3B6C5AE81CEF079 /* WelcomeView.swift */ = {isa = PBXFileReference; lastKnownFileType = sourcecode.swift; path = WelcomeView.swift; sourceTree = "<group>"; };
		C1C1C1C1C1C1C1C1C1C1C1C1 /* GenerationService.swift */ = {isa = PBXFileReference; lastKnownFileType = sourcecode.swift; path = GenerationService.swift; sourceTree = "<group>"; };
		C7B1B2E47AFF26F3848E6909 /* ExportService.swift */ = {isa = PBXFileReference; lastKnownFileType = sourcecode.swift; path = ExportService.swift; sourceTree = "<group>"; };
		C9A0CA12CFC9D1FE02C0623B /* AttachmentPickerView.swift */ = {isa = PBXFileReference; lastKnownFileType = sourcecode.swift; path = AttachmentPickerView.swift; sourceTree = "<group>"; };
		D288AFDEF8EF4EA8A9256BAE /* ImagePreviewView.swift */ = {isa = PBXFileReference; lastKnownFileType = sourcecode.swift; path = ImagePreviewView.swift; sourceTree = "<group>"; };
		E1E1E1E1E1E1E1E1E1E1E1E1 /* GenerationResult.swift */ = {isa = PBXFileReference; lastKnownFileType = sourcecode.swift; path = GenerationResult.swift; sourceTree = "<group>"; };
		E34CFC05D62B475A8156CCE3 /* FullScreenSidebarView.swift */ = {isa = PBXFileReference; lastKnownFileType = sourcecode.swift; path = FullScreenSidebarView.swift; sourceTree = "<group>"; };
		E49FC152C57398CDC6D32D62 /* MoomoIOSApp.swift */ = {isa = PBXFileReference; lastKnownFileType = sourcecode.swift; path = MoomoIOSApp.swift; sourceTree = "<group>"; };
		F39A285687D60134D12792DD /* ChatViewModel.swift */ = {isa = PBXFileReference; lastKnownFileType = sourcecode.swift; path = ChatViewModel.swift; sourceTree = "<group>"; };
		F4F00169E2533939F1ECEECF /* ContentView.swift */ = {isa = PBXFileReference; lastKnownFileType = sourcecode.swift; path = ContentView.swift; sourceTree = "<group>"; };
		FFEFF2C68D007E792103FAD7 /* Constants.swift */ = {isa = PBXFileReference; lastKnownFileType = sourcecode.swift; path = Constants.swift; sourceTree = "<group>"; };
		LV1234567890ABCDEF123457 /* LoginView.swift */ = {isa = PBXFileReference; lastKnownFileType = sourcecode.swift; path = LoginView.swift; sourceTree = "<group>"; };
		MS0000000000000000000001 /* MemoryService.swift */ = {isa = PBXFileReference; lastKnownFileType = sourcecode.swift; path = MemoryService.swift; sourceTree = "<group>"; };
		SV0000000000000000000001 /* SettingsView.swift */ = {isa = PBXFileReference; lastKnownFileType = sourcecode.swift; path = SettingsView.swift; sourceTree = "<group>"; };
		ST0000000000000000000001 /* StoreService.swift */ = {isa = PBXFileReference; lastKnownFileType = sourcecode.swift; path = StoreService.swift; sourceTree = "<group>"; };
		PW0000000000000000000001 /* PaywallView.swift */ = {isa = PBXFileReference; lastKnownFileType = sourcecode.swift; path = PaywallView.swift; sourceTree = "<group>"; };
		SK0000000000000000000001 /* MoomoAI.storekit */ = {isa = PBXFileReference; lastKnownFileType = text; path = MoomoAI.storekit; sourceTree = "<group>"; };
		LD0000000000000000000001 /* LegalDocuments.swift */ = {isa = PBXFileReference; lastKnownFileType = sourcecode.swift; path = LegalDocuments.swift; sourceTree = "<group>"; };
		AC0000000000000000000001 /* AIDataSharingConsent.swift */ = {isa = PBXFileReference; lastKnownFileType = sourcecode.swift; path = AIDataSharingConsent.swift; sourceTree = "<group>"; };
		AV0000000000000000000001 /* AIDataConsentView.swift */ = {isa = PBXFileReference; lastKnownFileType = sourcecode.swift; path = AIDataConsentView.swift; sourceTree = "<group>"; };
		PI0000000000000000000001 /* PrivacyInfo.xcprivacy */ = {isa = PBXFileReference; lastKnownFileType = text.xml; path = PrivacyInfo.xcprivacy; sourceTree = "<group>"; };
/* End PBXFileReference section */

/* Begin PBXFrameworksBuildPhase section */
		F63E91F1EAE375EDDDCE6C9C /* Frameworks */ = {
			isa = PBXFrameworksBuildPhase;
			buildActionMask = 2147483647;
			files = (
				FB0000000000000000000021 /* FirebaseCore in Frameworks */,
				FB0000000000000000000022 /* FirebaseAuth in Frameworks */,
				FB0000000000000000000023 /* FirebaseFunctions in Frameworks */,
				47A73C0E3004E3DF0015BB22 /* StoreKit.framework in Frameworks */,
				FB0000000000000000000025 /* FirebaseFirestore in Frameworks */,
				FB0000000000000000000024 /* GoogleSignIn in Frameworks */,
			);
			runOnlyForDeploymentPostprocessing = 0;
		};
/* End PBXFrameworksBuildPhase section */

/* Begin PBXGroup section */
		04B5793F495D98308ED10197 /* Models */ = {
			isa = PBXGroup;
			children = (
				241635D5F3D81293395E73C6 /* ChatMessage.swift */,
				0C22E77B9537B5F6632192EA /* ChatSession.swift */,
				2C57538A6EA18EA368E36F6F /* Language.swift */,
				A2AE9057EF877B6739B6035A /* User.swift */,
				E1E1E1E1E1E1E1E1E1E1E1E1 /* GenerationResult.swift */,
				9B12A30CC8284048ACA06AE8 /* LibraryAsset.swift */,
			);
			path = Models;
			sourceTree = "<group>";
		};
		0AA7888CC5BE200934B8AF36 /* Views */ = {
			isa = PBXGroup;
			children = (
				AV0000000000000000000001 /* AIDataConsentView.swift */,
				C9A0CA12CFC9D1FE02C0623B /* AttachmentPickerView.swift */,
				AF3AF62FA84FB343E21EEF5E /* ChatSessionRowView.swift */,
				8558DA7DBDE3867E63AE0F62 /* ChatView.swift */,
				8E7D7CF6662129D1FDB60D2E /* LanguageSelectionView.swift */,
				LV1234567890ABCDEF123457 /* LoginView.swift */,
				PW0000000000000000000001 /* PaywallView.swift */,
				A004EF975E90F874CA27BAFC /* MessageBubbleView.swift */,
				60943EA02994D47F9360BF91 /* ProfileMenuView.swift */,
				SV0000000000000000000001 /* SettingsView.swift */,
				B5AC5A81C3B6C5AE81CEF079 /* WelcomeView.swift */,
				D288AFDEF8EF4EA8A9256BAE /* ImagePreviewView.swift */,
				AA10000000000000000000A1 /* LuxuryComponents.swift */,
				5390B550A7764A6895BEA15E /* LibraryView.swift */,
				E34CFC05D62B475A8156CCE3 /* FullScreenSidebarView.swift */,
			);
			path = Views;
			sourceTree = "<group>";
		};
		0F5F6BEED8F6AC388D0E70F4 /* Utilities */ = {
			isa = PBXGroup;
			children = (
				AC0000000000000000000001 /* AIDataSharingConsent.swift */,
				23C006BAD585E969540E5CD9 /* AnimationConstants.swift */,
				FFEFF2C68D007E792103FAD7 /* Constants.swift */,
				7890E14A126C9ED1FEADBE2C /* Extensions.swift */,
				LD0000000000000000000001 /* LegalDocuments.swift */,
				02E576EB055A5DBF28276573 /* MarkdownFormatter.swift */,
			);
			path = Utilities;
			sourceTree = "<group>";
		};
		3A30A3CB266B021CABED8BE1 /* ViewModels */ = {
			isa = PBXGroup;
			children = (
				F39A285687D60134D12792DD /* ChatViewModel.swift */,
			);
			path = ViewModels;
			sourceTree = "<group>";
		};
		47A73C0C3004E3DF0015BB22 /* Frameworks */ = {
			isa = PBXGroup;
			children = (
				47A73C0D3004E3DF0015BB22 /* StoreKit.framework */,
			);
			name = Frameworks;
			sourceTree = "<group>";
		};
		704713258D6792FDB554638E /* Products */ = {
			isa = PBXGroup;
			children = (
				77279EC7C35BA0458DDC5BFF /* MoomoIOS.app */,
			);
			name = Products;
			sourceTree = "<group>";
		};
		840E25C74383C141C124DC92 /* Views */ = {
			isa = PBXGroup;
			children = (
			);
			name = Views;
			sourceTree = "<group>";
		};
		B5F091935056CCEBE405E2AF /* MoomoAI */ = {
			isa = PBXGroup;
			children = (
				2AE14267C76D1536EBC5FD7B /* Assets.xcassets */,
				6500000000000000000000F1 /* GoogleService-Info.plist */,
				PI0000000000000000000001 /* PrivacyInfo.xcprivacy */,
				SK0000000000000000000001 /* MoomoAI.storekit */,
				F4F00169E2533939F1ECEECF /* ContentView.swift */,
				0EBB989791A3CED535D5FE57 /* Info.plist */,
				E49FC152C57398CDC6D32D62 /* MoomoIOSApp.swift */,
				04B5793F495D98308ED10197 /* Models */,
				C08C21AD8195AB385D98FBC0 /* Services */,
				0F5F6BEED8F6AC388D0E70F4 /* Utilities */,
				3A30A3CB266B021CABED8BE1 /* ViewModels */,
				0AA7888CC5BE200934B8AF36 /* Views */,
			);
			path = MoomoAI;
			sourceTree = "<group>";
		};
		C08C21AD8195AB385D98FBC0 /* Services */ = {
			isa = PBXGroup;
			children = (
				A1A1A1A1A1A1A1A1A1A1A1A1 /* AuthService.swift */,
				C7B1B2E47AFF26F3848E6909 /* ExportService.swift */,
				C1C1C1C1C1C1C1C1C1C1C1C1 /* GenerationService.swift */,
				MS0000000000000000000001 /* MemoryService.swift */,
				AAAA1111AAAA1111AAAA1111 /* MockAIService.swift */,
				ST0000000000000000000001 /* StoreService.swift */,
				9CF15599F41B3F1E76FA15CA /* PersistenceService.swift */,
				13F4411D7571454CB7739E71 /* DocumentProcessor.swift */,
				04E3565E65C742DFA988DFD7 /* ImageCache.swift */,
				43C7369B036A4663A9FE670E /* AssetLibraryService.swift */,
			);
			path = Services;
			sourceTree = "<group>";
		};
		E4A9BB1418E8A836EA0D19AE = {
			isa = PBXGroup;
			children = (
				B5F091935056CCEBE405E2AF /* MoomoAI */,
				704713258D6792FDB554638E /* Products */,
				840E25C74383C141C124DC92 /* Views */,
				47A73C0C3004E3DF0015BB22 /* Frameworks */,
			);
			sourceTree = "<group>";
		};
/* End PBXGroup section */

/* Begin PBXNativeTarget section */
		3224374F31D9A369DE87B0DC /* MoomoAI */ = {
			isa = PBXNativeTarget;
			buildConfigurationList = 42E634BC07EA13F9DB89B18F /* Build configuration list for PBXNativeTarget "MoomoAI" */;
			buildPhases = (
				E68A648B51CA4EBF19BA5CC2 /* Sources */,
				DB8DA5E908186CA27496428C /* Resources */,
				F63E91F1EAE375EDDDCE6C9C /* Frameworks */,
			);
			buildRules = (
			);
			dependencies = (
			);
			name = MoomoAI;
			packageProductDependencies = (
				FB0000000000000000000011 /* FirebaseCore */,
				FB0000000000000000000012 /* FirebaseAuth */,
				FB0000000000000000000013 /* FirebaseFunctions */,
				FB0000000000000000000015 /* FirebaseFirestore */,
				FB0000000000000000000014 /* GoogleSignIn */,
			);
			productName = MoomoAI;
			productReference = 77279EC7C35BA0458DDC5BFF /* MoomoIOS.app */;
			productType = "com.apple.product-type.application";
		};
/* End PBXNativeTarget section */

/* Begin PBXProject section */
		902417B98896A7E00D0B9403 /* Project object */ = {
			isa = PBXProject;
			attributes = {
				BuildIndependentTargetsInParallel = YES;
				LastUpgradeCheck = 1430;
				TargetAttributes = {
					3224374F31D9A369DE87B0DC = {
						ProvisioningStyle = Automatic;
					};
				};
			};
			buildConfigurationList = 9F4E698F0E34B0F7FC9CEECE /* Build configuration list for PBXProject "MoomoAI" */;
			compatibilityVersion = "Xcode 14.0";
			developmentRegion = en;
			hasScannedForEncodings = 0;
			knownRegions = (
				Base,
				en,
			);
			mainGroup = E4A9BB1418E8A836EA0D19AE;
			packageReferences = (
				FB0000000000000000000001 /* XCRemoteSwiftPackageReference "firebase-ios-sdk" */,
				FB0000000000000000000002 /* XCRemoteSwiftPackageReference "GoogleSignIn-iOS" */,
			);
			productRefGroup = 704713258D6792FDB554638E /* Products */;
			projectDirPath = "";
			projectRoot = "";
			targets = (
				3224374F31D9A369DE87B0DC /* MoomoAI */,
			);
		};
/* End PBXProject section */

/* Begin PBXResourcesBuildPhase section */
		DB8DA5E908186CA27496428C /* Resources */ = {
			isa = PBXResourcesBuildPhase;
			buildActionMask = 2147483647;
			files = (
				CC341E1E1C285E411A0A2B6A /* Assets.xcassets in Resources */,
				6500000000000000000000F2 /* GoogleService-Info.plist in Resources */,
				PI0000000000000000000002 /* PrivacyInfo.xcprivacy in Resources */,
			);
			runOnlyForDeploymentPostprocessing = 0;
		};
/* End PBXResourcesBuildPhase section */

/* Begin PBXSourcesBuildPhase section */
		E68A648B51CA4EBF19BA5CC2 /* Sources */ = {
			isa = PBXSourcesBuildPhase;
			buildActionMask = 2147483647;
			files = (
				6AF466B19CB00E2C7AE2FDC8 /* AnimationConstants.swift in Sources */,
				4663BEE6B77B92F679508CD5 /* AttachmentPickerView.swift in Sources */,
				A1B1A1B1A1B1A1B1A1B1A1B1 /* AuthService.swift in Sources */,
				C1D1C1D1C1D1C1D1C1D1C1D1 /* GenerationService.swift in Sources */,
				E1F1E1F1E1F1E1F1E1F1E1F1 /* GenerationResult.swift in Sources */,
				293EB3626E45EEAA2103DB9E /* ChatMessage.swift in Sources */,
				3204AACBAB3996448CB19403 /* ChatSession.swift in Sources */,
				0596E62D27F59F1563D9C4BE /* ChatSessionRowView.swift in Sources */,
				CDCC396EFED492B2AE2D7CA9 /* ChatView.swift in Sources */,
				33335235EA3CBF49B46B6C12 /* ChatViewModel.swift in Sources */,
				1C854AB14DC9C6C24F982C31 /* Constants.swift in Sources */,
				53A963FECC94C564C3449CA0 /* ContentView.swift in Sources */,
				F7CD861B58275C7A845E61AC /* ExportService.swift in Sources */,
				E5A4476E1DE947DCEE0A7673 /* Extensions.swift in Sources */,
				BBBB2222BBBB2222BBBB2222 /* MockAIService.swift in Sources */,
				MS0000000000000000000002 /* MemoryService.swift in Sources */,
				SV0000000000000000000002 /* SettingsView.swift in Sources */,
				ST0000000000000000000002 /* StoreService.swift in Sources */,
				PW0000000000000000000002 /* PaywallView.swift in Sources */,
				B4B3E46DCD36A8A0E29E2BE0 /* Language.swift in Sources */,
				DB7DCA75A5145E663F1527A0 /* LanguageSelectionView.swift in Sources */,
				LD0000000000000000000002 /* LegalDocuments.swift in Sources */,
				AC0000000000000000000002 /* AIDataSharingConsent.swift in Sources */,
				AV0000000000000000000002 /* AIDataConsentView.swift in Sources */,
				LV1234567890ABCDEF123456 /* LoginView.swift in Sources */,
				21D25F51234B312AEFF29230 /* MarkdownFormatter.swift in Sources */,
				8FFC347EE7CE8EB36FB8198A /* MessageBubbleView.swift in Sources */,
				87FFC640EFDBE9004A209363 /* MoomoIOSApp.swift in Sources */,
				7527D8D3D397C89CB5E51C75 /* PersistenceService.swift in Sources */,
				5B4BA75F96B4C8907469A1C5 /* ProfileMenuView.swift in Sources */,
				7D2F5546E0D45F6C5557EDF5 /* User.swift in Sources */,
				E569A4DB75F694FD8275DE56 /* WelcomeView.swift in Sources */,
				44D5B7C5A80F424F8003FC94 /* LibraryAsset.swift in Sources */,
				DD2C9DF0CE0346B98345A4E8 /* DocumentProcessor.swift in Sources */,
				D6D83B6F4B8949F48024B2CF /* ImageCache.swift in Sources */,
				77E59E11E9B74512B52940A3 /* AssetLibraryService.swift in Sources */,
				6F590F084D5A4124A737448E /* ImagePreviewView.swift in Sources */,
				AA10000000000000000000A2 /* LuxuryComponents.swift in Sources */,
				91AA0C45E07E456CAE48FD76 /* LibraryView.swift in Sources */,
				C8A6ACB6F3194762947809D7 /* FullScreenSidebarView.swift in Sources */,
			);
			runOnlyForDeploymentPostprocessing = 0;
		};
/* End PBXSourcesBuildPhase section */

/* Begin XCBuildConfiguration section */
		8B068C8D9ABDB09E67DC8343 /* Debug */ = {
			isa = XCBuildConfiguration;
			buildSettings = {
				DEBUG_INFORMATION_FORMAT = dwarf;
				DEVELOPMENT_TEAM = "";
				IPHONEOS_DEPLOYMENT_TARGET = 16.0;
				SDKROOT = iphoneos;
			};
			name = Debug;
		};
		8FAD220F6C48EEF824918A39 /* Debug */ = {
			isa = XCBuildConfiguration;
			buildSettings = {
				ALWAYS_SEARCH_USER_PATHS = NO;
				ASSETCATALOG_COMPILER_APPICON_NAME = AppIcon;
				CODE_SIGN_ENTITLEMENTS = MoomoAI/MoomoAI.entitlements;
				CODE_SIGN_STYLE = Automatic;
				DEVELOPMENT_TEAM = JR6W8P6Z8N;
				ENABLE_PREVIEWS = YES;
				INFOPLIST_FILE = MoomoAI/Info.plist;
				INFOPLIST_KEY_CFBundleDisplayName = Moomo;
				INFOPLIST_KEY_LSApplicationCategoryType = "public.app-category.productivity";
				IPHONEOS_DEPLOYMENT_TARGET = 16.0;
				PRODUCT_BUNDLE_IDENTIFIER = com.moomolab.moomo;
				PRODUCT_NAME = MoomoIOS;
				SWIFT_VERSION = 5.0;
				TARGETED_DEVICE_FAMILY = "1";
			};
			name = Debug;
		};
		A8A6E993A866FAF553A9D1FC /* Release */ = {
			isa = XCBuildConfiguration;
			buildSettings = {
				COPY_PHASE_STRIP = NO;
				DEBUG_INFORMATION_FORMAT = "dwarf-with-dsym";
				DEVELOPMENT_TEAM = "";
				IPHONEOS_DEPLOYMENT_TARGET = 16.0;
				SDKROOT = iphoneos;
			};
			name = Release;
		};
		E3250F47D5CD2D5A68D2005C /* Release */ = {
			isa = XCBuildConfiguration;
			buildSettings = {
				ALWAYS_SEARCH_USER_PATHS = NO;
				ASSETCATALOG_COMPILER_APPICON_NAME = AppIcon;
				CODE_SIGN_ENTITLEMENTS = MoomoAI/MoomoAI.entitlements;
				CODE_SIGN_STYLE = Automatic;
				COPY_PHASE_STRIP = NO;
				DEBUG_INFORMATION_FORMAT = "dwarf-with-dsym";
				DEVELOPMENT_TEAM = JR6W8P6Z8N;
				ENABLE_PREVIEWS = YES;
				INFOPLIST_FILE = MoomoAI/Info.plist;
				INFOPLIST_KEY_CFBundleDisplayName = Moomo;
				INFOPLIST_KEY_LSApplicationCategoryType = "public.app-category.productivity";
				IPHONEOS_DEPLOYMENT_TARGET = 16.0;
				PRODUCT_BUNDLE_IDENTIFIER = com.moomolab.moomo;
				PRODUCT_NAME = MoomoAI;
				SWIFT_VERSION = 5.0;
				TARGETED_DEVICE_FAMILY = "1";
			};
			name = Release;
		};
/* End XCBuildConfiguration section */

/* Begin XCConfigurationList section */
		42E634BC07EA13F9DB89B18F /* Build configuration list for PBXNativeTarget "MoomoAI" */ = {
			isa = XCConfigurationList;
			buildConfigurations = (
				8FAD220F6C48EEF824918A39 /* Debug */,
				E3250F47D5CD2D5A68D2005C /* Release */,
			);
			defaultConfigurationIsVisible = 0;
			defaultConfigurationName = Debug;
		};
		9F4E698F0E34B0F7FC9CEECE /* Build configuration list for PBXProject "MoomoAI" */ = {
			isa = XCConfigurationList;
			buildConfigurations = (
				8B068C8D9ABDB09E67DC8343 /* Debug */,
				A8A6E993A866FAF553A9D1FC /* Release */,
			);
			defaultConfigurationIsVisible = 0;
			defaultConfigurationName = Debug;
		};
/* End XCConfigurationList section */

/* Begin XCRemoteSwiftPackageReference section */
		FB0000000000000000000001 /* XCRemoteSwiftPackageReference "firebase-ios-sdk" */ = {
			isa = XCRemoteSwiftPackageReference;
			repositoryURL = "https://github.com/firebase/firebase-ios-sdk";
			requirement = {
				kind = upToNextMajorVersion;
				minimumVersion = 11.0.0;
			};
		};
		FB0000000000000000000002 /* XCRemoteSwiftPackageReference "GoogleSignIn-iOS" */ = {
			isa = XCRemoteSwiftPackageReference;
			repositoryURL = "https://github.com/google/GoogleSignIn-iOS";
			requirement = {
				kind = upToNextMajorVersion;
				minimumVersion = 7.0.0;
			};
		};
/* End XCRemoteSwiftPackageReference section */

/* Begin XCSwiftPackageProductDependency section */
		FB0000000000000000000011 /* FirebaseCore */ = {
			isa = XCSwiftPackageProductDependency;
			package = FB0000000000000000000001 /* XCRemoteSwiftPackageReference "firebase-ios-sdk" */;
			productName = FirebaseCore;
		};
		FB0000000000000000000012 /* FirebaseAuth */ = {
			isa = XCSwiftPackageProductDependency;
			package = FB0000000000000000000001 /* XCRemoteSwiftPackageReference "firebase-ios-sdk" */;
			productName = FirebaseAuth;
		};
		FB0000000000000000000013 /* FirebaseFunctions */ = {
			isa = XCSwiftPackageProductDependency;
			package = FB0000000000000000000001 /* XCRemoteSwiftPackageReference "firebase-ios-sdk" */;
			productName = FirebaseFunctions;
		};
		FB0000000000000000000014 /* GoogleSignIn */ = {
			isa = XCSwiftPackageProductDependency;
			package = FB0000000000000000000002 /* XCRemoteSwiftPackageReference "GoogleSignIn-iOS" */;
			productName = GoogleSignIn;
		};
		FB0000000000000000000015 /* FirebaseFirestore */ = {
			isa = XCSwiftPackageProductDependency;
			package = FB0000000000000000000001 /* XCRemoteSwiftPackageReference "firebase-ios-sdk" */;
			productName = FirebaseFirestore;
		};
/* End XCSwiftPackageProductDependency section */
	};
	rootObject = 902417B98896A7E00D0B9403 /* Project object */;
}
