// !$*UTF8*$!
{
	archiveVersion = 1;
	classes = {
	};
	objectVersion = 56;
	objects = {

/* Begin PBXBuildFile section */
		BBBB2222BBBB2222BBBB2222 /* MockAIService.swift in Sources */ = {isa = PBXBuildFile; fileRef = AAAA1111AAAA1111AAAA1111 /* MockAIService.swift */; };
		0596E62D27F59F1563D9C4BE /* ChatSessionRowView.swift in Sources */ = {isa = PBXBuildFile; fileRef = AF3AF62FA84FB343E21EEF5E /* ChatSessionRowView.swift */; };
		0D0F57CCD22DD65C97E68E7A /* SidebarView.swift in Sources */ = {isa = PBXBuildFile; fileRef = 8D1481C8D97C7730E4FDEC3A /* SidebarView.swift */; };
		1C854AB14DC9C6C24F982C31 /* Constants.swift in Sources */ = {isa = PBXBuildFile; fileRef = FFEFF2C68D007E792103FAD7 /* Constants.swift */; };
		21D25F51234B312AEFF29230 /* MarkdownFormatter.swift in Sources */ = {isa = PBXBuildFile; fileRef = 02E576EB055A5DBF28276573 /* MarkdownFormatter.swift */; };
		293EB3626E45EEAA2103DB9E /* ChatMessage.swift in Sources */ = {isa = PBXBuildFile; fileRef = 241635D5F3D81293395E73C6 /* ChatMessage.swift */; };
		3204AACBAB3996448CB19403 /* ChatSession.swift in Sources */ = {isa = PBXBuildFile; fileRef = 0C22E77B9537B5F6632192EA /* ChatSession.swift */; };
		33335235EA3CBF49B46B6C12 /* ChatViewModel.swift in Sources */ = {isa = PBXBuildFile; fileRef = F39A285687D60134D12792DD /* ChatViewModel.swift */; };
		4663BEE6B77B92F679508CD5 /* AttachmentPickerView.swift in Sources */ = {isa = PBXBuildFile; fileRef = C9A0CA12CFC9D1FE02C0623B /* AttachmentPickerView.swift */; };
		53A963FECC94C564C3449CA0 /* ContentView.swift in Sources */ = {isa = PBXBuildFile; fileRef = F4F00169E2533939F1ECEECF /* ContentView.swift */; };
		5B4BA75F96B4C8907469A1C5 /* ProfileMenuView.swift in Sources */ = {isa = PBXBuildFile; fileRef = 60943EA02994D47F9360BF91 /* ProfileMenuView.swift */; };
		6AF466B19CB00E2C7AE2FDC8 /* AnimationConstants.swift in Sources */ = {isa = PBXBuildFile; fileRef = 23C006BAD585E969540E5CD9 /* AnimationConstants.swift */; };
		7527D8D3D397C89CB5E51C75 /* PersistenceService.swift in Sources */ = {isa = PBXBuildFile; fileRef = 9CF15599F41B3F1E76FA15CA /* PersistenceService.swift */; };
		7D2F5546E0D45F6C5557EDF5 /* User.swift in Sources */ = {isa = PBXBuildFile; fileRef = A2AE9057EF877B6739B6035A /* User.swift */; };
		87FFC640EFDBE9004A209363 /* MoomoIOSApp.swift in Sources */ = {isa = PBXBuildFile; fileRef = E49FC152C57398CDC6D32D62 /* MoomoIOSApp.swift */; };
		8FFC347EE7CE8EB36FB8198A /* MessageBubbleView.swift in Sources */ = {isa = PBXBuildFile; fileRef = A004EF975E90F874CA27BAFC /* MessageBubbleView.swift */; };
		B4B3E46DCD36A8A0E29E2BE0 /* Language.swift in Sources */ = {isa = PBXBuildFile; fileRef = 2C57538A6EA18EA368E36F6F /* Language.swift */; };
		CC341E1E1C285E411A0A2B6A /* Assets.xcassets in Resources */ = {isa = PBXBuildFile; fileRef = 2AE14267C76D1536EBC5FD7B /* Assets.xcassets */; };
		CCD44010DD8EFAF6229CBB64 /* AuthViewModel.swift in Sources */ = {isa = PBXBuildFile; fileRef = C0D92EE02CFD2B665B42FE02 /* AuthViewModel.swift */; };
		CDCC396EFED492B2AE2D7CA9 /* ChatView.swift in Sources */ = {isa = PBXBuildFile; fileRef = 8558DA7DBDE3867E63AE0F62 /* ChatView.swift */; };
		DB7DCA75A5145E663F1527A0 /* LanguageSelectionView.swift in Sources */ = {isa = PBXBuildFile; fileRef = 8E7D7CF6662129D1FDB60D2E /* LanguageSelectionView.swift */; };
		E569A4DB75F694FD8275DE56 /* WelcomeView.swift in Sources */ = {isa = PBXBuildFile; fileRef = B5AC5A81C3B6C5AE81CEF079 /* WelcomeView.swift */; };
		E5A4476E1DE947DCEE0A7673 /* Extensions.swift in Sources */ = {isa = PBXBuildFile; fileRef = 7890E14A126C9ED1FEADBE2C /* Extensions.swift */; };
		F7CD861B58275C7A845E61AC /* ExportService.swift in Sources */ = {isa = PBXBuildFile; fileRef = C7B1B2E47AFF26F3848E6909 /* ExportService.swift */; };
		LV1234567890ABCDEF123456 /* LoginView.swift in Sources */ = {isa = PBXBuildFile; fileRef = LV1234567890ABCDEF123457 /* LoginView.swift */; };
/* End PBXBuildFile section */

/* Begin PBXFileReference section */
		02E576EB055A5DBF28276573 /* MarkdownFormatter.swift */ = {isa = PBXFileReference; lastKnownFileType = sourcecode.swift; path = MarkdownFormatter.swift; sourceTree = "<group>"; };
		0C22E77B9537B5F6632192EA /* ChatSession.swift */ = {isa = PBXFileReference; lastKnownFileType = sourcecode.swift; path = ChatSession.swift; sourceTree = "<group>"; };
		0EBB989791A3CED535D5FE57 /* Info.plist */ = {isa = PBXFileReference; lastKnownFileType = text.plist; path = Info.plist; sourceTree = "<group>"; };
		23C006BAD585E969540E5CD9 /* AnimationConstants.swift */ = {isa = PBXFileReference; lastKnownFileType = sourcecode.swift; path = AnimationConstants.swift; sourceTree = "<group>"; };
		241635D5F3D81293395E73C6 /* ChatMessage.swift */ = {isa = PBXFileReference; lastKnownFileType = sourcecode.swift; path = ChatMessage.swift; sourceTree = "<group>"; };
		2AE14267C76D1536EBC5FD7B /* Assets.xcassets */ = {isa = PBXFileReference; lastKnownFileType = folder.assetcatalog; path = Assets.xcassets; sourceTree = "<group>"; };
		2C57538A6EA18EA368E36F6F /* Language.swift */ = {isa = PBXFileReference; lastKnownFileType = sourcecode.swift; path = Language.swift; sourceTree = "<group>"; };
		60943EA02994D47F9360BF91 /* ProfileMenuView.swift */ = {isa = PBXFileReference; lastKnownFileType = sourcecode.swift; path = ProfileMenuView.swift; sourceTree = "<group>"; };
		AAAA1111AAAA1111AAAA1111 /* MockAIService.swift */ = {isa = PBXFileReference; lastKnownFileType = sourcecode.swift; path = MockAIService.swift; sourceTree = "<group>"; };
		77279EC7C35BA0458DDC5BFF /* MoomoIOS.app */ = {isa = PBXFileReference; explicitFileType = wrapper.application; includeInIndex = 0; path = MoomoIOS.app; sourceTree = BUILT_PRODUCTS_DIR; };
		7890E14A126C9ED1FEADBE2C /* Extensions.swift */ = {isa = PBXFileReference; lastKnownFileType = sourcecode.swift; path = Extensions.swift; sourceTree = "<group>"; };
		8558DA7DBDE3867E63AE0F62 /* ChatView.swift */ = {isa = PBXFileReference; lastKnownFileType = sourcecode.swift; path = ChatView.swift; sourceTree = "<group>"; };
		8D1481C8D97C7730E4FDEC3A /* SidebarView.swift */ = {isa = PBXFileReference; lastKnownFileType = sourcecode.swift; path = SidebarView.swift; sourceTree = "<group>"; };
		8E7D7CF6662129D1FDB60D2E /* LanguageSelectionView.swift */ = {isa = PBXFileReference; lastKnownFileType = sourcecode.swift; path = LanguageSelectionView.swift; sourceTree = "<group>"; };
		9CF15599F41B3F1E76FA15CA /* PersistenceService.swift */ = {isa = PBXFileReference; lastKnownFileType = sourcecode.swift; path = PersistenceService.swift; sourceTree = "<group>"; };
		A004EF975E90F874CA27BAFC /* MessageBubbleView.swift */ = {isa = PBXFileReference; lastKnownFileType = sourcecode.swift; path = MessageBubbleView.swift; sourceTree = "<group>"; };
		A2AE9057EF877B6739B6035A /* User.swift */ = {isa = PBXFileReference; lastKnownFileType = sourcecode.swift; path = User.swift; sourceTree = "<group>"; };
		AF3AF62FA84FB343E21EEF5E /* ChatSessionRowView.swift */ = {isa = PBXFileReference; lastKnownFileType = sourcecode.swift; path = ChatSessionRowView.swift; sourceTree = "<group>"; };
		B5AC5A81C3B6C5AE81CEF079 /* WelcomeView.swift */ = {isa = PBXFileReference; lastKnownFileType = sourcecode.swift; path = WelcomeView.swift; sourceTree = "<group>"; };
		C0D92EE02CFD2B665B42FE02 /* AuthViewModel.swift */ = {isa = PBXFileReference; lastKnownFileType = sourcecode.swift; path = AuthViewModel.swift; sourceTree = "<group>"; };
		C7B1B2E47AFF26F3848E6909 /* ExportService.swift */ = {isa = PBXFileReference; lastKnownFileType = sourcecode.swift; path = ExportService.swift; sourceTree = "<group>"; };
		C9A0CA12CFC9D1FE02C0623B /* AttachmentPickerView.swift */ = {isa = PBXFileReference; lastKnownFileType = sourcecode.swift; path = AttachmentPickerView.swift; sourceTree = "<group>"; };
		E49FC152C57398CDC6D32D62 /* MoomoIOSApp.swift */ = {isa = PBXFileReference; lastKnownFileType = sourcecode.swift; path = MoomoIOSApp.swift; sourceTree = "<group>"; };
		F39A285687D60134D12792DD /* ChatViewModel.swift */ = {isa = PBXFileReference; lastKnownFileType = sourcecode.swift; path = ChatViewModel.swift; sourceTree = "<group>"; };
		F4F00169E2533939F1ECEECF /* ContentView.swift */ = {isa = PBXFileReference; lastKnownFileType = sourcecode.swift; path = ContentView.swift; sourceTree = "<group>"; };
		FFEFF2C68D007E792103FAD7 /* Constants.swift */ = {isa = PBXFileReference; lastKnownFileType = sourcecode.swift; path = Constants.swift; sourceTree = "<group>"; };
		LV1234567890ABCDEF123457 /* LoginView.swift */ = {isa = PBXFileReference; lastKnownFileType = sourcecode.swift; path = LoginView.swift; sourceTree = "<group>"; };
/* End PBXFileReference section */

/* Begin PBXFrameworksBuildPhase section */
		F63E91F1EAE375EDDDCE6C9C /* Frameworks */ = {
			isa = PBXFrameworksBuildPhase;
			buildActionMask = 2147483647;
			files = (
			);
			runOnlyForDeploymentPostprocessing = 0;
		};
/* End PBXFrameworksBuildPhase section */

/* Begin PBXGroup section */
		04B5793F495D98308ED10197 /* Models */ = {
			isa = PBXGroup;
			children = (
				241635D5F3D81293395E73C6 /* ChatMessage.swift */,
				0C22E77B9537B5F6632192EA /* ChatSession.swift */,
				2C57538A6EA18EA368E36F6F /* Language.swift */,
				A2AE9057EF877B6739B6035A /* User.swift */,
			);
			path = Models;
			sourceTree = "<group>";
		};
		0AA7888CC5BE200934B8AF36 /* Views */ = {
			isa = PBXGroup;
			children = (
				C9A0CA12CFC9D1FE02C0623B /* AttachmentPickerView.swift */,
				AF3AF62FA84FB343E21EEF5E /* ChatSessionRowView.swift */,
				8558DA7DBDE3867E63AE0F62 /* ChatView.swift */,
				8E7D7CF6662129D1FDB60D2E /* LanguageSelectionView.swift */,
				LV1234567890ABCDEF123457 /* LoginView.swift */,
				A004EF975E90F874CA27BAFC /* MessageBubbleView.swift */,
				60943EA02994D47F9360BF91 /* ProfileMenuView.swift */,
				8D1481C8D97C7730E4FDEC3A /* SidebarView.swift */,
				B5AC5A81C3B6C5AE81CEF079 /* WelcomeView.swift */,
			);
			path = Views;
			sourceTree = "<group>";
		};
		0F5F6BEED8F6AC388D0E70F4 /* Utilities */ = {
			isa = PBXGroup;
			children = (
				23C006BAD585E969540E5CD9 /* AnimationConstants.swift */,
				FFEFF2C68D007E792103FAD7 /* Constants.swift */,
				7890E14A126C9ED1FEADBE2C /* Extensions.swift */,
				02E576EB055A5DBF28276573 /* MarkdownFormatter.swift */,
			);
			path = Utilities;
			sourceTree = "<group>";
		};
		3A30A3CB266B021CABED8BE1 /* ViewModels */ = {
			isa = PBXGroup;
			children = (
				C0D92EE02CFD2B665B42FE02 /* AuthViewModel.swift */,
				F39A285687D60134D12792DD /* ChatViewModel.swift */,
			);
			path = ViewModels;
			sourceTree = "<group>";
		};
		704713258D6792FDB554638E /* Products */ = {
			isa = PBXGroup;
			children = (
				77279EC7C35BA0458DDC5BFF /* MoomoIOS.app */,
			);
			name = Products;
			sourceTree = "<group>";
		};
		840E25C74383C141C124DC92 /* Views */ = {
			isa = PBXGroup;
			children = (
			);
			name = Views;
			sourceTree = "<group>";
		};
		B5F091935056CCEBE405E2AF /* MoomoAI */ = {
			isa = PBXGroup;
			children = (
				2AE14267C76D1536EBC5FD7B /* Assets.xcassets */,
				F4F00169E2533939F1ECEECF /* ContentView.swift */,
				0EBB989791A3CED535D5FE57 /* Info.plist */,
				E49FC152C57398CDC6D32D62 /* MoomoIOSApp.swift */,
				04B5793F495D98308ED10197 /* Models */,
				C08C21AD8195AB385D98FBC0 /* Services */,
				0F5F6BEED8F6AC388D0E70F4 /* Utilities */,
				3A30A3CB266B021CABED8BE1 /* ViewModels */,
				0AA7888CC5BE200934B8AF36 /* Views */,
			);
			path = MoomoAI;
			sourceTree = "<group>";
		};
		C08C21AD8195AB385D98FBC0 /* Services */ = {
			isa = PBXGroup;
			children = (
				C7B1B2E47AFF26F3848E6909 /* ExportService.swift */,
				AAAA1111AAAA1111AAAA1111 /* MockAIService.swift */,
				9CF15599F41B3F1E76FA15CA /* PersistenceService.swift */,
			);
			path = Services;
			sourceTree = "<group>";
		};
		E4A9BB1418E8A836EA0D19AE = {
			isa = PBXGroup;
			children = (
				B5F091935056CCEBE405E2AF /* MoomoAI */,
				704713258D6792FDB554638E /* Products */,
				840E25C74383C141C124DC92 /* Views */,
			);
			sourceTree = "<group>";
		};
/* End PBXGroup section */

/* Begin PBXNativeTarget section */
		3224374F31D9A369DE87B0DC /* MoomoAI */ = {
			isa = PBXNativeTarget;
			buildConfigurationList = 42E634BC07EA13F9DB89B18F /* Build configuration list for PBXNativeTarget "MoomoAI" */;
			buildPhases = (
				E68A648B51CA4EBF19BA5CC2 /* Sources */,
				DB8DA5E908186CA27496428C /* Resources */,
				F63E91F1EAE375EDDDCE6C9C /* Frameworks */,
			);
			buildRules = (
			);
			dependencies = (
			);
			name = MoomoAI;
			packageProductDependencies = (
			);
			productName = MoomoAI;
			productReference = 77279EC7C35BA0458DDC5BFF /* MoomoIOS.app */;
			productType = "com.apple.product-type.application";
		};
/* End PBXNativeTarget section */

/* Begin PBXProject section */
		902417B98896A7E00D0B9403 /* Project object */ = {
			isa = PBXProject;
			attributes = {
				BuildIndependentTargetsInParallel = YES;
				LastUpgradeCheck = 1430;
				TargetAttributes = {
					3224374F31D9A369DE87B0DC = {
						ProvisioningStyle = Automatic;
					};
				};
			};
			buildConfigurationList = 9F4E698F0E34B0F7FC9CEECE /* Build configuration list for PBXProject "MoomoAI" */;
			compatibilityVersion = "Xcode 14.0";
			developmentRegion = en;
			hasScannedForEncodings = 0;
			knownRegions = (
				Base,
				en,
			);
			mainGroup = E4A9BB1418E8A836EA0D19AE;
			productRefGroup = 704713258D6792FDB554638E /* Products */;
			projectDirPath = "";
			projectRoot = "";
			targets = (
				3224374F31D9A369DE87B0DC /* MoomoAI */,
			);
		};
/* End PBXProject section */

/* Begin PBXResourcesBuildPhase section */
		DB8DA5E908186CA27496428C /* Resources */ = {
			isa = PBXResourcesBuildPhase;
			buildActionMask = 2147483647;
			files = (
				CC341E1E1C285E411A0A2B6A /* Assets.xcassets in Resources */,
			);
			runOnlyForDeploymentPostprocessing = 0;
		};
/* End PBXResourcesBuildPhase section */

/* Begin PBXSourcesBuildPhase section */
		E68A648B51CA4EBF19BA5CC2 /* Sources */ = {
			isa = PBXSourcesBuildPhase;
			buildActionMask = 2147483647;
			files = (
				6AF466B19CB00E2C7AE2FDC8 /* AnimationConstants.swift in Sources */,
				4663BEE6B77B92F679508CD5 /* AttachmentPickerView.swift in Sources */,
				CCD44010DD8EFAF6229CBB64 /* AuthViewModel.swift in Sources */,
				293EB3626E45EEAA2103DB9E /* ChatMessage.swift in Sources */,
				3204AACBAB3996448CB19403 /* ChatSession.swift in Sources */,
				0596E62D27F59F1563D9C4BE /* ChatSessionRowView.swift in Sources */,
				CDCC396EFED492B2AE2D7CA9 /* ChatView.swift in Sources */,
				33335235EA3CBF49B46B6C12 /* ChatViewModel.swift in Sources */,
				1C854AB14DC9C6C24F982C31 /* Constants.swift in Sources */,
				53A963FECC94C564C3449CA0 /* ContentView.swift in Sources */,
				F7CD861B58275C7A845E61AC /* ExportService.swift in Sources */,
				E5A4476E1DE947DCEE0A7673 /* Extensions.swift in Sources */,
				BBBB2222BBBB2222BBBB2222 /* MockAIService.swift in Sources */,
				B4B3E46DCD36A8A0E29E2BE0 /* Language.swift in Sources */,
				DB7DCA75A5145E663F1527A0 /* LanguageSelectionView.swift in Sources */,
				LV1234567890ABCDEF123456 /* LoginView.swift in Sources */,
				21D25F51234B312AEFF29230 /* MarkdownFormatter.swift in Sources */,
				8FFC347EE7CE8EB36FB8198A /* MessageBubbleView.swift in Sources */,
				87FFC640EFDBE9004A209363 /* MoomoIOSApp.swift in Sources */,
				7527D8D3D397C89CB5E51C75 /* PersistenceService.swift in Sources */,
				5B4BA75F96B4C8907469A1C5 /* ProfileMenuView.swift in Sources */,
				0D0F57CCD22DD65C97E68E7A /* SidebarView.swift in Sources */,
				7D2F5546E0D45F6C5557EDF5 /* User.swift in Sources */,
				E569A4DB75F694FD8275DE56 /* WelcomeView.swift in Sources */,
			);
			runOnlyForDeploymentPostprocessing = 0;
		};
/* End PBXSourcesBuildPhase section */

/* Begin XCBuildConfiguration section */
		8B068C8D9ABDB09E67DC8343 /* Debug */ = {
			isa = XCBuildConfiguration;
			buildSettings = {
				DEBUG_INFORMATION_FORMAT = dwarf;
				DEVELOPMENT_TEAM = "";
				IPHONEOS_DEPLOYMENT_TARGET = 15.0;
				SDKROOT = iphoneos;
			};
			name = Debug;
		};
		8FAD220F6C48EEF824918A39 /* Debug */ = {
			isa = XCBuildConfiguration;
			buildSettings = {
				ALWAYS_SEARCH_USER_PATHS = NO;
				ASSETCATALOG_COMPILER_APPICON_NAME = AppIcon;
				CODE_SIGN_ENTITLEMENTS = MoomoAI/MoomoAI.entitlements;
				CODE_SIGN_STYLE = Automatic;
				DEVELOPMENT_TEAM = JR6W8P6Z8N;
				ENABLE_PREVIEWS = YES;
				INFOPLIST_FILE = MoomoAI/Info.plist;
				INFOPLIST_KEY_CFBundleDisplayName = Moomo;
				INFOPLIST_KEY_LSApplicationCategoryType = "public.app-category.productivity";
				IPHONEOS_DEPLOYMENT_TARGET = 15.0;
				PRODUCT_BUNDLE_IDENTIFIER = com.moomo.io;
				PRODUCT_NAME = MoomoIOS;
				SWIFT_VERSION = 5.0;
				TARGETED_DEVICE_FAMILY = "1,2";
			};
			name = Debug;
		};
		A8A6E993A866FAF553A9D1FC /* Release */ = {
			isa = XCBuildConfiguration;
			buildSettings = {
				COPY_PHASE_STRIP = NO;
				DEBUG_INFORMATION_FORMAT = "dwarf-with-dsym";
				DEVELOPMENT_TEAM = "";
				IPHONEOS_DEPLOYMENT_TARGET = 15.0;
				SDKROOT = iphoneos;
			};
			name = Release;
		};
		E3250F47D5CD2D5A68D2005C /* Release */ = {
			isa = XCBuildConfiguration;
			buildSettings = {
				ALWAYS_SEARCH_USER_PATHS = NO;
				ASSETCATALOG_COMPILER_APPICON_NAME = AppIcon;
				CODE_SIGN_ENTITLEMENTS = MoomoAI/MoomoAI.entitlements;
				CODE_SIGN_STYLE = Automatic;
				COPY_PHASE_STRIP = NO;
				DEBUG_INFORMATION_FORMAT = "dwarf-with-dsym";
				DEVELOPMENT_TEAM = JR6W8P6Z8N;
				ENABLE_PREVIEWS = YES;
				INFOPLIST_FILE = MoomoAI/Info.plist;
				INFOPLIST_KEY_CFBundleDisplayName = Moomo;
				INFOPLIST_KEY_LSApplicationCategoryType = "public.app-category.productivity";
				IPHONEOS_DEPLOYMENT_TARGET = 15.0;
				PRODUCT_BUNDLE_IDENTIFIER = com.moomo.io;
				PRODUCT_NAME = MoomoAI;
				SWIFT_VERSION = 5.0;
				TARGETED_DEVICE_FAMILY = "1,2";
			};
			name = Release;
		};
/* End XCBuildConfiguration section */

/* Begin XCConfigurationList section */
		42E634BC07EA13F9DB89B18F /* Build configuration list for PBXNativeTarget "MoomoAI" */ = {
			isa = XCConfigurationList;
			buildConfigurations = (
				8FAD220F6C48EEF824918A39 /* Debug */,
				E3250F47D5CD2D5A68D2005C /* Release */,
			);
			defaultConfigurationIsVisible = 0;
			defaultConfigurationName = Debug;
		};
		9F4E698F0E34B0F7FC9CEECE /* Build configuration list for PBXProject "MoomoAI" */ = {
			isa = XCConfigurationList;
			buildConfigurations = (
				8B068C8D9ABDB09E67DC8343 /* Debug */,
				A8A6E993A866FAF553A9D1FC /* Release */,
			);
			defaultConfigurationIsVisible = 0;
			defaultConfigurationName = Debug;
		};
/* End XCConfigurationList section */

	};
	rootObject = 902417B98896A7E00D0B9403 /* Project object */;
}
